
Microsoft Visual Studio Solution File, Format Version 12.00
# Visual Studio Version 17
VisualStudioVersion = 17.14.36212.18 d17.14
MinimumVisualStudioVersion = 10.0.40219.1
Project("{FAE04EC0-301F-11D3-BF4B-00C04F79EFBC}") = "ClothingStore.Core", "ClothingStore.Core\ClothingStore.Core.csproj", "{54649366-DDA6-4F47-A8A3-01BC2A6846C9}"
EndProject
Project("{FAE04EC0-301F-11D3-BF4B-00C04F79EFBC}") = "ClothingStore.Console", "ClothingStore.Console\ClothingStore.Console.csproj", "{0437A48C-6157-48A0-9BDB-EABD023AF299}"
EndProject
Global
	GlobalSection(SolutionConfigurationPlatforms) = preSolution
		Debug|Any CPU = Debug|Any CPU
		Release|Any CPU = Release|Any CPU
	EndGlobalSection
	GlobalSection(ProjectConfigurationPlatforms) = postSolution
		{54649366-DDA6-4F47-A8A3-01BC2A6846C9}.Debug|Any CPU.ActiveCfg = Debug|Any CPU
		{54649366-DDA6-4F47-A8A3-01BC2A6846C9}.Debug|Any CPU.Build.0 = Debug|Any CPU
		{54649366-DDA6-4F47-A8A3-01BC2A6846C9}.Release|Any CPU.ActiveCfg = Release|Any CPU
		{54649366-DDA6-4F47-A8A3-01BC2A6846C9}.Release|Any CPU.Build.0 = Release|Any CPU
		{0437A48C-6157-48A0-9BDB-EABD023AF299}.Debug|Any CPU.ActiveCfg = Debug|Any CPU
		{0437A48C-6157-48A0-9BDB-EABD023AF299}.Debug|Any CPU.Build.0 = Debug|Any CPU
		{0437A48C-6157-48A0-9BDB-EABD023AF299}.Release|Any CPU.ActiveCfg = Release|Any CPU
		{0437A48C-6157-48A0-9BDB-EABD023AF299}.Release|Any CPU.Build.0 = Release|Any CPU
	EndGlobalSection
	GlobalSection(SolutionProperties) = preSolution
		HideSolutionNode = FALSE
	EndGlobalSection
	GlobalSection(ExtensibilityGlobals) = postSolution
		SolutionGuid = {A510E775-DF09-4C00-8FE3-0F30506E5936}
	EndGlobalSection
EndGlobal
